
Microsoft Visual Studio Solution File, Format Version 12.00
# Visual Studio Version 17
VisualStudioVersion = 17.1.32407.343
MinimumVisualStudioVersion = 10.0.40219.1
Project("{FAE04EC0-301F-11D3-BF4B-00C04F79EFBC}") = "Lab0-OOP-B", "Lab0-OOP-B\Lab0-OOP-B.csproj", "{36C0038E-D575-427B-9F3D-BBAF94B5CF6D}"
EndProject
Global
	GlobalSection(SolutionConfigurationPlatforms) = preSolution
		Debug|Any CPU = Debug|Any CPU
		Release|Any CPU = Release|Any CPU
	EndGlobalSection
	GlobalSection(ProjectConfigurationPlatforms) = postSolution
		{36C0038E-D575-427B-9F3D-BBAF94B5CF6D}.Debug|Any CPU.ActiveCfg = Debug|Any CPU
		{36C0038E-D575-427B-9F3D-BBAF94B5CF6D}.Debug|Any CPU.Build.0 = Debug|Any CPU
		{36C0038E-D575-427B-9F3D-BBAF94B5CF6D}.Release|Any CPU.ActiveCfg = Release|Any CPU
		{36C0038E-D575-427B-9F3D-BBAF94B5CF6D}.Release|Any CPU.Build.0 = Release|Any CPU
	EndGlobalSection
	GlobalSection(SolutionProperties) = preSolution
		HideSolutionNode = FALSE
	EndGlobalSection
	GlobalSection(ExtensibilityGlobals) = postSolution
		SolutionGuid = {4BDDFC30-CC82-40F0-939A-511D94A231D7}
	EndGlobalSection
EndGlobal
